{
  "name": "playground",
  "version": "1.0.0",
  "lockfileVersion": 2,
  "requires": true,
  "packages": {
    "": {
      "name": "playground",
      "version": "1.0.0",
      "license": "ISC",
      "dependencies": {
        "@hattip/adapter-node": "^0.0.19",
        "@hattip/compose": "^0.0.19"
      }
    },
    "node_modules/@hattip/adapter-node": {
      "version": "0.0.19",
      "resolved": "https://registry.npmjs.org/@hattip/adapter-node/-/adapter-node-0.0.19.tgz",
      "integrity": "sha512-2Tq7g+c6nt/YtsibuHDYKhBQJ/V/8LD21uvl2t6ypP6oTJ5qXsXZLGBXIDGqO9d/BDl81BQK/Rp4LKD09BJO3w==",
      "dependencies": {
        "@hattip/core": "0.0.19",
        "@hattip/polyfills": "0.0.19"
      }
    },
    "node_modules/@hattip/compose": {
      "version": "0.0.19",
      "resolved": "https://registry.npmjs.org/@hattip/compose/-/compose-0.0.19.tgz",
      "integrity": "sha512-7kLstZ+vSDflfWzqPOpBgn+4J3NwsqxuYL6lKsd1JVSL8/IH5Xl9t3rznQgElr9mpgeTj3fuKk3CwUIF3kyiPg==",
      "dependencies": {
        "@hattip/core": "0.0.19"
      }
    },
    "node_modules/@hattip/core": {
      "version": "0.0.19",
      "resolved": "https://registry.npmjs.org/@hattip/core/-/core-0.0.19.tgz",
      "integrity": "sha512-V2lzJMyNEey4J+m3tlOD9JpLsbKeAF9s2mnfKBdY5IOjkDEjUTnSQVzLv1Mzk45UMbKD4d+IyNrO2+L3xD/enA=="
    },
    "node_modules/@hattip/polyfills": {
      "version": "0.0.19",
      "resolved": "https://registry.npmjs.org/@hattip/polyfills/-/polyfills-0.0.19.tgz",
      "integrity": "sha512-r4k2D1/hSHnlAHxSQODjquZlny/nMceBVkHh6fGc2F8b0JdogcVOFMMXxGCnkL0gj86ikuxxjJp0iim95h3W1A==",
      "dependencies": {
        "@hattip/core": "0.0.19",
        "node-fetch-native": "^0.1.4"
      }
    },
    "node_modules/node-fetch-native": {
      "version": "0.1.7",
      "resolved": "https://registry.npmjs.org/node-fetch-native/-/node-fetch-native-0.1.7.tgz",
      "integrity": "sha512-hps7dFJM0IEF056JftDSSjWDAwW9v2clwHoUJiHyYgl+ojoqjKyWybljMlpTmlC1O+864qovNlRLyAIjRxu9Ag=="
    }
  },
  "dependencies": {
    "@hattip/adapter-node": {
      "version": "0.0.19",
      "resolved": "https://registry.npmjs.org/@hattip/adapter-node/-/adapter-node-0.0.19.tgz",
      "integrity": "sha512-2Tq7g+c6nt/YtsibuHDYKhBQJ/V/8LD21uvl2t6ypP6oTJ5qXsXZLGBXIDGqO9d/BDl81BQK/Rp4LKD09BJO3w==",
      "requires": {
        "@hattip/core": "0.0.19",
        "@hattip/polyfills": "0.0.19"
      }
    },
    "@hattip/compose": {
      "version": "0.0.19",
      "resolved": "https://registry.npmjs.org/@hattip/compose/-/compose-0.0.19.tgz",
      "integrity": "sha512-7kLstZ+vSDflfWzqPOpBgn+4J3NwsqxuYL6lKsd1JVSL8/IH5Xl9t3rznQgElr9mpgeTj3fuKk3CwUIF3kyiPg==",
      "requires": {
        "@hattip/core": "0.0.19"
      }
    },
    "@hattip/core": {
      "version": "0.0.19",
      "resolved": "https://registry.npmjs.org/@hattip/core/-/core-0.0.19.tgz",
      "integrity": "sha512-V2lzJMyNEey4J+m3tlOD9JpLsbKeAF9s2mnfKBdY5IOjkDEjUTnSQVzLv1Mzk45UMbKD4d+IyNrO2+L3xD/enA=="
    },
    "@hattip/polyfills": {
      "version": "0.0.19",
      "resolved": "https://registry.npmjs.org/@hattip/polyfills/-/polyfills-0.0.19.tgz",
      "integrity": "sha512-r4k2D1/hSHnlAHxSQODjquZlny/nMceBVkHh6fGc2F8b0JdogcVOFMMXxGCnkL0gj86ikuxxjJp0iim95h3W1A==",
      "requires": {
        "@hattip/core": "0.0.19",
        "node-fetch-native": "^0.1.4"
      }
    },
    "node-fetch-native": {
      "version": "0.1.7",
      "resolved": "https://registry.npmjs.org/node-fetch-native/-/node-fetch-native-0.1.7.tgz",
      "integrity": "sha512-hps7dFJM0IEF056JftDSSjWDAwW9v2clwHoUJiHyYgl+ojoqjKyWybljMlpTmlC1O+864qovNlRLyAIjRxu9Ag=="
    }
  }
}
